{
  "version": 4,
  "terraform_version": "0.15.0",
  "serial": 53,
  "lineage": "de232077-38dc-ee51-d894-21855733ecb5",
  "outputs": {},
  "resources": [
    {
      "mode": "managed",
      "type": "aws_codebuild_project",
      "name": "cubbit_codebuild",
      "provider": "provider[\"registry.terraform.io/hashicorp/aws\"]",
      "instances": [
        {
          "schema_version": 0,
          "attributes": {
            "arn": "arn:aws:codebuild:us-east-1:501853673872:project/cubbit-codebuild",
            "artifacts": [
              {
                "artifact_identifier": "",
                "encryption_disabled": false,
                "location": "",
                "name": "",
                "namespace_type": "",
                "override_artifact_name": false,
                "packaging": "",
                "path": "",
                "type": "NO_ARTIFACTS"
              }
            ],
            "badge_enabled": false,
            "badge_url": "",
            "build_timeout": 5,
            "cache": [
              {
                "location": "test-codebuild-cubbit-example",
                "modes": null,
                "type": "S3"
              }
            ],
            "description": "test_codebuild_project",
            "encryption_key": "arn:aws:kms:us-east-1:501853673872:alias/aws/s3",
            "environment": [
              {
                "certificate": "",
                "compute_type": "BUILD_GENERAL1_SMALL",
                "environment_variable": [
                  {
                    "name": "SOME_KEY1",
                    "type": "PLAINTEXT",
                    "value": "SOME_VALUE1"
                  },
                  {
                    "name": "SOME_KEY2",
                    "type": "PARAMETER_STORE",
                    "value": "SOME_VALUE2"
                  }
                ],
                "image": "aws/codebuild/standard:1.0",
                "image_pull_credentials_type": "CODEBUILD",
                "privileged_mode": false,
                "registry_credential": [],
                "type": "LINUX_CONTAINER"
              }
            ],
            "id": "arn:aws:codebuild:us-east-1:501853673872:project/cubbit-codebuild",
            "logs_config": [
              {
                "cloudwatch_logs": [
                  {
                    "group_name": "log-group",
                    "status": "ENABLED",
                    "stream_name": "log-stream"
                  }
                ],
                "s3_logs": [
                  {
                    "encryption_disabled": false,
                    "location": "test-codebuild-cubbit-example/build-log",
                    "status": "ENABLED"
                  }
                ]
              }
            ],
            "name": "cubbit-codebuild",
            "queued_timeout": 480,
            "secondary_artifacts": [],
            "secondary_sources": [],
            "service_role": "arn:aws:iam::501853673872:role/TESTCodebuildRole",
            "source": [
              {
                "auth": [],
                "buildspec": "",
                "git_clone_depth": 1,
                "git_submodules_config": [],
                "insecure_ssl": false,
                "location": "https://github.com/sirtongster/examen_qubbit.git",
                "report_build_status": false,
                "type": "GITHUB"
              }
            ],
            "source_version": "master",
            "tags": {
              "Environment": "Master"
            },
            "vpc_config": [
              {
                "security_group_ids": [
                  "sg-0e7198211bffeed11",
                  "sg-0ee1ced8ca8a173b2"
                ],
                "subnets": [
                  "subnet-007593e13f7f9629a",
                  "subnet-0d978dfde98e52c12"
                ],
                "vpc_id": "vpc-0b1e321d477b6b031"
              }
            ]
          },
          "sensitive_attributes": [],
          "private": "bnVsbA==",
          "dependencies": [
            "aws_iam_role.codebuild_example_role",
            "aws_s3_bucket.cubbit_s3",
            "aws_security_group.cubbit_sg1",
            "aws_security_group.cubbit_sg2",
            "aws_subnet.cubbit_sn1",
            "aws_subnet.cubbit_sn2",
            "aws_vpc.cubbit_vpc"
          ]
        }
      ]
    },
    {
      "mode": "managed",
      "type": "aws_ecr_repository",
      "name": "cubbit_ecr",
      "provider": "provider[\"registry.terraform.io/hashicorp/aws\"]",
      "instances": [
        {
          "schema_version": 0,
          "attributes": {
            "arn": "arn:aws:ecr:us-east-1:501853673872:repository/cubbit-dev-ecr",
            "encryption_configuration": [
              {
                "encryption_type": "AES256",
                "kms_key": ""
              }
            ],
            "id": "cubbit-dev-ecr",
            "image_scanning_configuration": [
              {
                "scan_on_push": true
              }
            ],
            "image_tag_mutability": "MUTABLE",
            "name": "cubbit-dev-ecr",
            "registry_id": "501853673872",
            "repository_url": "501853673872.dkr.ecr.us-east-1.amazonaws.com/cubbit-dev-ecr",
            "tags": null,
            "timeouts": null
          },
          "sensitive_attributes": [],
          "private": "eyJlMmJmYjczMC1lY2FhLTExZTYtOGY4OC0zNDM2M2JjN2M0YzAiOnsiZGVsZXRlIjoxMjAwMDAwMDAwMDAwfX0="
        }
      ]
    },
    {
      "mode": "managed",
      "type": "aws_iam_role",
      "name": "codebuild_example_role",
      "provider": "provider[\"registry.terraform.io/hashicorp/aws\"]",
      "instances": [
        {
          "schema_version": 0,
          "attributes": {
            "arn": "arn:aws:iam::501853673872:role/TESTCodebuildRole",
            "assume_role_policy": "{\"Version\":\"2012-10-17\",\"Statement\":[{\"Effect\":\"Allow\",\"Principal\":{\"Service\":\"codebuild.amazonaws.com\"},\"Action\":\"sts:AssumeRole\"}]}",
            "create_date": "2021-04-24T19:48:04Z",
            "description": "",
            "force_detach_policies": false,
            "id": "TESTCodebuildRole",
            "inline_policy": [
              {
                "name": "",
                "policy": ""
              }
            ],
            "managed_policy_arns": [],
            "max_session_duration": 3600,
            "name": "TESTCodebuildRole",
            "name_prefix": null,
            "path": "/",
            "permissions_boundary": null,
            "tags": null,
            "unique_id": "AROAXJWGPLGIFPHNWAOAM"
          },
          "sensitive_attributes": [],
          "private": "bnVsbA=="
        }
      ]
    },
    {
      "mode": "managed",
      "type": "aws_iam_role_policy",
      "name": "codebuild_example_policy",
      "provider": "provider[\"registry.terraform.io/hashicorp/aws\"]",
      "instances": [
        {
          "schema_version": 0,
          "attributes": {
            "id": "TESTCodebuildRole:terraform-20210424194824310800000001",
            "name": "terraform-20210424194824310800000001",
            "name_prefix": null,
            "policy": "{\n  \"Version\": \"2012-10-17\",\n  \"Statement\": [\n    {\n      \"Effect\": \"Allow\",\n      \"Resource\": [\n        \"*\"\n      ],\n      \"Action\": [\n        \"logs:CreateLogGroup\",\n        \"logs:CreateLogStream\",\n        \"logs:PutLogEvents\"\n      ]\n    },\n    {\n      \"Effect\": \"Allow\",\n      \"Action\": [\n        \"ec2:CreateNetworkInterface\",\n        \"ec2:DescribeDhcpOptions\",\n        \"ec2:DescribeNetworkInterfaces\",\n        \"ec2:DeleteNetworkInterface\",\n        \"ec2:DescribeSubnets\",\n        \"ec2:DescribeSecurityGroups\",\n        \"ec2:DescribeVpcs\"\n      ],\n      \"Resource\": \"*\"\n    },\n    {\n      \"Effect\": \"Allow\",\n      \"Action\": [\n        \"ec2:CreateNetworkInterfacePermission\"\n      ],\n      \"Resource\": [\n        \"arn:aws:ec2:us-east-1:123456789012:network-interface/*\"\n      ],\n      \"Condition\": {\n        \"StringEquals\": {\n          \"ec2:Subnet\": [\n            \"arn:aws:ec2:us-east-1:501853673872:subnet/subnet-0d978dfde98e52c12\",\n            \"arn:aws:ec2:us-east-1:501853673872:subnet/subnet-007593e13f7f9629a\"\n          ],\n          \"ec2:AuthorizedService\": \"codebuild.amazonaws.com\"\n        }\n      }\n    },\n    {\n      \"Effect\": \"Allow\",\n      \"Action\": [\n        \"s3:*\"\n      ],\n      \"Resource\": [\n        \"arn:aws:s3:::test-codebuild-cubbit-example\",\n        \"arn:aws:s3:::test-codebuild-cubbit-example/*\"\n      ]\n    }\n  ]\n}\n",
            "role": "TESTCodebuildRole"
          },
          "sensitive_attributes": [],
          "private": "bnVsbA==",
          "dependencies": [
            "aws_iam_role.codebuild_example_role",
            "aws_s3_bucket.cubbit_s3",
            "aws_subnet.cubbit_sn1",
            "aws_subnet.cubbit_sn2",
            "aws_vpc.cubbit_vpc"
          ]
        }
      ]
    },
    {
      "mode": "managed",
      "type": "aws_s3_bucket",
      "name": "cubbit_s3",
      "provider": "provider[\"registry.terraform.io/hashicorp/aws\"]",
      "instances": [
        {
          "schema_version": 0,
          "attributes": {
            "acceleration_status": "",
            "acl": "private",
            "arn": "arn:aws:s3:::test-codebuild-cubbit-example",
            "bucket": "test-codebuild-cubbit-example",
            "bucket_domain_name": "test-codebuild-cubbit-example.s3.amazonaws.com",
            "bucket_prefix": null,
            "bucket_regional_domain_name": "test-codebuild-cubbit-example.s3.amazonaws.com",
            "cors_rule": [],
            "force_destroy": false,
            "grant": [],
            "hosted_zone_id": "Z3AQBSTGFYJSTF",
            "id": "test-codebuild-cubbit-example",
            "lifecycle_rule": [],
            "logging": [],
            "object_lock_configuration": [],
            "policy": null,
            "region": "us-east-1",
            "replication_configuration": [],
            "request_payer": "BucketOwner",
            "server_side_encryption_configuration": [],
            "tags": null,
            "versioning": [
              {
                "enabled": false,
                "mfa_delete": false
              }
            ],
            "website": [],
            "website_domain": null,
            "website_endpoint": null
          },
          "sensitive_attributes": [],
          "private": "bnVsbA=="
        }
      ]
    },
    {
      "mode": "managed",
      "type": "aws_security_group",
      "name": "cubbit_sg1",
      "provider": "provider[\"registry.terraform.io/hashicorp/aws\"]",
      "instances": [
        {
          "schema_version": 1,
          "attributes": {
            "arn": "arn:aws:ec2:us-east-1:501853673872:security-group/sg-0e7198211bffeed11",
            "description": "Allow TLS inbound traffic",
            "egress": [
              {
                "cidr_blocks": [
                  "10.24.0.0/16"
                ],
                "description": "",
                "from_port": 0,
                "ipv6_cidr_blocks": [],
                "prefix_list_ids": [],
                "protocol": "-1",
                "security_groups": [],
                "self": false,
                "to_port": 0
              }
            ],
            "id": "sg-0e7198211bffeed11",
            "ingress": [
              {
                "cidr_blocks": [
                  "10.24.0.0/16"
                ],
                "description": "TLC from VPC",
                "from_port": 443,
                "ipv6_cidr_blocks": [],
                "prefix_list_ids": [],
                "protocol": "tcp",
                "security_groups": [],
                "self": false,
                "to_port": 443
              }
            ],
            "name": "allow_tls",
            "name_prefix": "",
            "owner_id": "501853673872",
            "revoke_rules_on_delete": false,
            "tags": null,
            "timeouts": null,
            "vpc_id": "vpc-0b1e321d477b6b031"
          },
          "sensitive_attributes": [],
          "private": "eyJlMmJmYjczMC1lY2FhLTExZTYtOGY4OC0zNDM2M2JjN2M0YzAiOnsiY3JlYXRlIjo2MDAwMDAwMDAwMDAsImRlbGV0ZSI6OTAwMDAwMDAwMDAwfSwic2NoZW1hX3ZlcnNpb24iOiIxIn0=",
          "dependencies": [
            "aws_vpc.cubbit_vpc"
          ]
        }
      ]
    },
    {
      "mode": "managed",
      "type": "aws_security_group",
      "name": "cubbit_sg2",
      "provider": "provider[\"registry.terraform.io/hashicorp/aws\"]",
      "instances": [
        {
          "schema_version": 1,
          "attributes": {
            "arn": "arn:aws:ec2:us-east-1:501853673872:security-group/sg-0ee1ced8ca8a173b2",
            "description": "Allow SSH inbound traffic",
            "egress": [
              {
                "cidr_blocks": [
                  "10.24.0.0/16"
                ],
                "description": "",
                "from_port": 0,
                "ipv6_cidr_blocks": [],
                "prefix_list_ids": [],
                "protocol": "-1",
                "security_groups": [],
                "self": false,
                "to_port": 0
              }
            ],
            "id": "sg-0ee1ced8ca8a173b2",
            "ingress": [
              {
                "cidr_blocks": [
                  "10.24.0.0/16"
                ],
                "description": "SSH from VPC",
                "from_port": 22,
                "ipv6_cidr_blocks": [],
                "prefix_list_ids": [],
                "protocol": "tcp",
                "security_groups": [],
                "self": false,
                "to_port": 22
              }
            ],
            "name": "allow_ssh",
            "name_prefix": "",
            "owner_id": "501853673872",
            "revoke_rules_on_delete": false,
            "tags": null,
            "timeouts": null,
            "vpc_id": "vpc-0b1e321d477b6b031"
          },
          "sensitive_attributes": [],
          "private": "eyJlMmJmYjczMC1lY2FhLTExZTYtOGY4OC0zNDM2M2JjN2M0YzAiOnsiY3JlYXRlIjo2MDAwMDAwMDAwMDAsImRlbGV0ZSI6OTAwMDAwMDAwMDAwfSwic2NoZW1hX3ZlcnNpb24iOiIxIn0=",
          "dependencies": [
            "aws_vpc.cubbit_vpc"
          ]
        }
      ]
    },
    {
      "mode": "managed",
      "type": "aws_subnet",
      "name": "cubbit_sn1",
      "provider": "provider[\"registry.terraform.io/hashicorp/aws\"]",
      "instances": [
        {
          "schema_version": 1,
          "attributes": {
            "arn": "arn:aws:ec2:us-east-1:501853673872:subnet/subnet-0d978dfde98e52c12",
            "assign_ipv6_address_on_creation": false,
            "availability_zone": "us-east-1b",
            "availability_zone_id": "use1-az1",
            "cidr_block": "10.24.1.0/24",
            "customer_owned_ipv4_pool": "",
            "id": "subnet-0d978dfde98e52c12",
            "ipv6_cidr_block": "",
            "ipv6_cidr_block_association_id": "",
            "map_customer_owned_ip_on_launch": false,
            "map_public_ip_on_launch": false,
            "outpost_arn": "",
            "owner_id": "501853673872",
            "tags": {
              "Name": "cubbit-dev-sn1"
            },
            "tags_all": {
              "Name": "cubbit-dev-sn1"
            },
            "timeouts": null,
            "vpc_id": "vpc-0b1e321d477b6b031"
          },
          "sensitive_attributes": [],
          "private": "eyJlMmJmYjczMC1lY2FhLTExZTYtOGY4OC0zNDM2M2JjN2M0YzAiOnsiY3JlYXRlIjo2MDAwMDAwMDAwMDAsImRlbGV0ZSI6MTIwMDAwMDAwMDAwMH0sInNjaGVtYV92ZXJzaW9uIjoiMSJ9",
          "dependencies": [
            "aws_vpc.cubbit_vpc"
          ]
        }
      ]
    },
    {
      "mode": "managed",
      "type": "aws_subnet",
      "name": "cubbit_sn2",
      "provider": "provider[\"registry.terraform.io/hashicorp/aws\"]",
      "instances": [
        {
          "schema_version": 1,
          "attributes": {
            "arn": "arn:aws:ec2:us-east-1:501853673872:subnet/subnet-007593e13f7f9629a",
            "assign_ipv6_address_on_creation": false,
            "availability_zone": "us-east-1b",
            "availability_zone_id": "use1-az1",
            "cidr_block": "10.24.2.0/24",
            "customer_owned_ipv4_pool": "",
            "id": "subnet-007593e13f7f9629a",
            "ipv6_cidr_block": "",
            "ipv6_cidr_block_association_id": "",
            "map_customer_owned_ip_on_launch": false,
            "map_public_ip_on_launch": false,
            "outpost_arn": "",
            "owner_id": "501853673872",
            "tags": {
              "Name": "cubbit-dev-sn2"
            },
            "tags_all": {
              "Name": "cubbit-dev-sn2"
            },
            "timeouts": null,
            "vpc_id": "vpc-0b1e321d477b6b031"
          },
          "sensitive_attributes": [],
          "private": "eyJlMmJmYjczMC1lY2FhLTExZTYtOGY4OC0zNDM2M2JjN2M0YzAiOnsiY3JlYXRlIjo2MDAwMDAwMDAwMDAsImRlbGV0ZSI6MTIwMDAwMDAwMDAwMH0sInNjaGVtYV92ZXJzaW9uIjoiMSJ9",
          "dependencies": [
            "aws_vpc.cubbit_vpc"
          ]
        }
      ]
    },
    {
      "mode": "managed",
      "type": "aws_vpc",
      "name": "cubbit_vpc",
      "provider": "provider[\"registry.terraform.io/hashicorp/aws\"]",
      "instances": [
        {
          "schema_version": 1,
          "attributes": {
            "arn": "arn:aws:ec2:us-east-1:501853673872:vpc/vpc-0b1e321d477b6b031",
            "assign_generated_ipv6_cidr_block": false,
            "cidr_block": "10.24.0.0/16",
            "default_network_acl_id": "acl-032148d0790b11e6c",
            "default_route_table_id": "rtb-050c76ee59439d488",
            "default_security_group_id": "sg-0baa3a265143d3567",
            "dhcp_options_id": "dopt-27ad645d",
            "enable_classiclink": false,
            "enable_classiclink_dns_support": false,
            "enable_dns_hostnames": false,
            "enable_dns_support": true,
            "id": "vpc-0b1e321d477b6b031",
            "instance_tenancy": "default",
            "ipv6_association_id": "",
            "ipv6_cidr_block": "",
            "main_route_table_id": "rtb-050c76ee59439d488",
            "owner_id": "501853673872",
            "tags": {
              "Name": "cubbit-dev-vpc"
            },
            "tags_all": {
              "Name": "cubbit-dev-vpc"
            }
          },
          "sensitive_attributes": [],
          "private": "eyJzY2hlbWFfdmVyc2lvbiI6IjEifQ=="
        }
      ]
    }
  ]
}
